// !$*UTF8*$!
{
	archiveVersion = 1;
	classes = {
	};
	objectVersion = 77;
	objects = {

/* Begin PBXBuildFile section */
		68F7513C479F42B593D567E1 /* UserNotificationsUI.framework in Frameworks */ = {isa = PBXBuildFile; fileRef = 317F83E78CF449A5AD48F086 /* UserNotificationsUI.framework */; };
		046EB92D09674784A1384534 /* IncidentWidget.appex in Embed App Extensions */ = {isa = PBXBuildFile; fileRef = 0C8B9A89D5E34A1690535FCB /* IncidentWidget.appex */; settings = {ATTRIBUTES = (RemoveHeadersOnCopy, ); }; };
		36B6D6C6EB704FAC964A494A /* University-IT-Incident-Response-Platform-iOS/Models/IncidentStatus.swift in Sources */ = {isa = PBXBuildFile; fileRef = 9D7070A75CE048958659F986 /* University-IT-Incident-Response-Platform-iOS/Models/IncidentStatus.swift */; };
		36FC4D4896604D168C8AFE4B /* University-IT-Incident-Response-Platform-iOS/Models/IncidentPriority.swift in Sources */ = {isa = PBXBuildFile; fileRef = 48502D8E31C14AEDAA0899FC /* University-IT-Incident-Response-Platform-iOS/Models/IncidentPriority.swift */; };
		5CE3B300114241E2AC47B4DA /* University-IT-Incident-Response-Platform-iOS/Shared/SharedIncidentStore.swift in Sources */ = {isa = PBXBuildFile; fileRef = C9F30B620DAD46D6B1DE65C4 /* University-IT-Incident-Response-Platform-iOS/Shared/SharedIncidentStore.swift */; };
		E3EA4098DFFB449AA2EE3ABC /* University-IT-Incident-Response-Platform-iOS/Shared/SharedIncidentSnapshot.swift in Sources */ = {isa = PBXBuildFile; fileRef = 5C73D610F63A4BA99BC7B8F3 /* University-IT-Incident-Response-Platform-iOS/Shared/SharedIncidentSnapshot.swift */; };
		3F8A3E0F5A214D4FA20B555C /* IncidentNotification.appex in Embed App Extensions */ = {isa = PBXBuildFile; fileRef = CB701159EC4140688ED8986B /* IncidentNotification.appex */; settings = {ATTRIBUTES = (RemoveHeadersOnCopy, ); }; };
		783BC8BB26DA453983FBA772 /* IncidentReminderContent.swift in Sources */ = {isa = PBXBuildFile; fileRef = 94E904E0640047259B9BEC1D /* IncidentReminderContent.swift */; };
/* End PBXBuildFile section */

/* Begin PBXContainerItemProxy section */
		060A9B3CBF364CE4A69C2FF7 /* PBXContainerItemProxy */ = {
			isa = PBXContainerItemProxy;
			containerPortal = 5197DA58306FAAF300A7779C /* Project object */;
			proxyType = 1;
			remoteGlobalIDString = 06EC099CC2D74EBBA33D0DC8;
			remoteInfo = IncidentWidget;
		};
		5197DA6E306FAAF400A7779C /* PBXContainerItemProxy */ = {
			isa = PBXContainerItemProxy;
			containerPortal = 5197DA58306FAAF300A7779C /* Project object */;
			proxyType = 1;
			remoteGlobalIDString = 5197DA5F306FAAF300A7779C;
			remoteInfo = "University-IT-Incident-Response-Platform-iOS";
		};
		5197DA78306FAAF400A7779C /* PBXContainerItemProxy */ = {
			isa = PBXContainerItemProxy;
			containerPortal = 5197DA58306FAAF300A7779C /* Project object */;
			proxyType = 1;
			remoteGlobalIDString = 5197DA5F306FAAF300A7779C;
			remoteInfo = "University-IT-Incident-Response-Platform-iOS";
		};
		0A1E6F38DDBE4E6D9006F6FB /* PBXContainerItemProxy */ = {
			isa = PBXContainerItemProxy;
			containerPortal = 5197DA58306FAAF300A7779C /* Project object */;
			proxyType = 1;
			remoteGlobalIDString = 4C772A9EC809459B835E80A2;
			remoteInfo = IncidentNotification;
		};
/* End PBXContainerItemProxy section */

/* Begin PBXCopyFilesBuildPhase section */
		F4831077A9A146729B4DC073 /* Embed App Extensions */ = {
			isa = PBXCopyFilesBuildPhase;
			buildActionMask = 2147483647;
			dstPath = "";
			dstSubfolderSpec = 13;
			files = (
				046EB92D09674784A1384534 /* IncidentWidget.appex in Embed App Extensions */,
				3F8A3E0F5A214D4FA20B555C /* IncidentNotification.appex in Embed App Extensions */,
			);
			name = "Embed App Extensions";
			runOnlyForDeploymentPostprocessing = 0;
		};
/* End PBXCopyFilesBuildPhase section */

/* Begin PBXFileReference section */
		317F83E78CF449A5AD48F086 /* UserNotificationsUI.framework */ = {isa = PBXFileReference; lastKnownFileType = wrapper.framework; name = UserNotificationsUI.framework; path = System/Library/Frameworks/UserNotificationsUI.framework; sourceTree = SDKROOT; };
		0C8B9A89D5E34A1690535FCB /* IncidentWidget.appex */ = {isa = PBXFileReference; explicitFileType = "wrapper.app-extension"; includeInIndex = 0; path = IncidentWidget.appex; sourceTree = BUILT_PRODUCTS_DIR; };
		48502D8E31C14AEDAA0899FC /* University-IT-Incident-Response-Platform-iOS/Models/IncidentPriority.swift */ = {isa = PBXFileReference; lastKnownFileType = sourcecode.swift; path = "University-IT-Incident-Response-Platform-iOS/Models/IncidentPriority.swift"; sourceTree = SOURCE_ROOT; };
		5197DA60306FAAF300A7779C /* University-IT-Incident-Response-Platform-iOS.app */ = {isa = PBXFileReference; explicitFileType = wrapper.application; includeInIndex = 0; path = "University-IT-Incident-Response-Platform-iOS.app"; sourceTree = BUILT_PRODUCTS_DIR; };
		5197DA6D306FAAF400A7779C /* University-IT-Incident-Response-Platform-iOSTests.xctest */ = {isa = PBXFileReference; explicitFileType = wrapper.cfbundle; includeInIndex = 0; path = "University-IT-Incident-Response-Platform-iOSTests.xctest"; sourceTree = BUILT_PRODUCTS_DIR; };
		5197DA77306FAAF400A7779C /* University-IT-Incident-Response-Platform-iOSUITests.xctest */ = {isa = PBXFileReference; explicitFileType = wrapper.cfbundle; includeInIndex = 0; path = "University-IT-Incident-Response-Platform-iOSUITests.xctest"; sourceTree = BUILT_PRODUCTS_DIR; };
		5C73D610F63A4BA99BC7B8F3 /* University-IT-Incident-Response-Platform-iOS/Shared/SharedIncidentSnapshot.swift */ = {isa = PBXFileReference; lastKnownFileType = sourcecode.swift; path = "University-IT-Incident-Response-Platform-iOS/Shared/SharedIncidentSnapshot.swift"; sourceTree = SOURCE_ROOT; };
		9D7070A75CE048958659F986 /* University-IT-Incident-Response-Platform-iOS/Models/IncidentStatus.swift */ = {isa = PBXFileReference; lastKnownFileType = sourcecode.swift; path = "University-IT-Incident-Response-Platform-iOS/Models/IncidentStatus.swift"; sourceTree = SOURCE_ROOT; };
		C9F30B620DAD46D6B1DE65C4 /* University-IT-Incident-Response-Platform-iOS/Shared/SharedIncidentStore.swift */ = {isa = PBXFileReference; lastKnownFileType = sourcecode.swift; path = "University-IT-Incident-Response-Platform-iOS/Shared/SharedIncidentStore.swift"; sourceTree = SOURCE_ROOT; };
		CB701159EC4140688ED8986B /* IncidentNotification.appex */ = {isa = PBXFileReference; explicitFileType = "wrapper.app-extension"; includeInIndex = 0; path = IncidentNotification.appex; sourceTree = BUILT_PRODUCTS_DIR; };
		94E904E0640047259B9BEC1D /* IncidentReminderContent.swift */ = {isa = PBXFileReference; lastKnownFileType = sourcecode.swift; path = "University-IT-Incident-Response-Platform-iOS/Shared/IncidentReminderContent.swift"; sourceTree = SOURCE_ROOT; };
/* End PBXFileReference section */

/* Begin PBXFileSystemSynchronizedBuildFileExceptionSet section */
		E91EBA1FE5B141248DE852C8 /* Exceptions for "IncidentWidget" folder in "IncidentWidget" target */ = {
			isa = PBXFileSystemSynchronizedBuildFileExceptionSet;
			membershipExceptions = (
				Info.plist,
			);
			target = 06EC099CC2D74EBBA33D0DC8 /* IncidentWidget */;
		};
		9B6959DC350A486EAE0F1C7C /* Exceptions for IncidentNotification */ = {
			isa = PBXFileSystemSynchronizedBuildFileExceptionSet;
			membershipExceptions = (Info.plist, );
			target = 4C772A9EC809459B835E80A2 /* IncidentNotification */;
		};
/* End PBXFileSystemSynchronizedBuildFileExceptionSet section */

/* Begin PBXFileSystemSynchronizedRootGroup section */
		40E24AD3E7D64627B4A27982 /* IncidentWidget */ = {
			isa = PBXFileSystemSynchronizedRootGroup;
			exceptions = (
				E91EBA1FE5B141248DE852C8 /* Exceptions for "IncidentWidget" folder in "IncidentWidget" target */,
			);
			path = IncidentWidget;
			sourceTree = "<group>";
		};
		5197DA62306FAAF300A7779C /* University-IT-Incident-Response-Platform-iOS */ = {
			isa = PBXFileSystemSynchronizedRootGroup;
			path = "University-IT-Incident-Response-Platform-iOS";
			sourceTree = "<group>";
		};
		5197DA70306FAAF400A7779C /* University-IT-Incident-Response-Platform-iOSTests */ = {
			isa = PBXFileSystemSynchronizedRootGroup;
			path = "University-IT-Incident-Response-Platform-iOSTests";
			sourceTree = "<group>";
		};
		5197DA7A306FAAF400A7779C /* University-IT-Incident-Response-Platform-iOSUITests */ = {
			isa = PBXFileSystemSynchronizedRootGroup;
			path = "University-IT-Incident-Response-Platform-iOSUITests";
			sourceTree = "<group>";
		};
		01EA3EF32E74497199D63B3B /* IncidentNotification */ = {
			isa = PBXFileSystemSynchronizedRootGroup;
			exceptions = (9B6959DC350A486EAE0F1C7C /* Exceptions for IncidentNotification */, );
			path = IncidentNotification;
			sourceTree = "<group>";
		};
/* End PBXFileSystemSynchronizedRootGroup section */

/* Begin PBXFrameworksBuildPhase section */
		42D6389C740A483AAB75FBEB /* Frameworks */ = {
			isa = PBXFrameworksBuildPhase;
			buildActionMask = 2147483647;
			files = (
			);
			runOnlyForDeploymentPostprocessing = 0;
		};
		5197DA5D306FAAF300A7779C /* Frameworks */ = {
			isa = PBXFrameworksBuildPhase;
			buildActionMask = 2147483647;
			files = (
			);
			runOnlyForDeploymentPostprocessing = 0;
		};
		5197DA6A306FAAF400A7779C /* Frameworks */ = {
			isa = PBXFrameworksBuildPhase;
			buildActionMask = 2147483647;
			files = (
			);
			runOnlyForDeploymentPostprocessing = 0;
		};
		5197DA74306FAAF400A7779C /* Frameworks */ = {
			isa = PBXFrameworksBuildPhase;
			buildActionMask = 2147483647;
			files = (
			);
			runOnlyForDeploymentPostprocessing = 0;
		};
		111DA44E2E304F6FAA687E56 /* Frameworks */ = {
			isa = PBXFrameworksBuildPhase;
			buildActionMask = 2147483647;
			files = (
				68F7513C479F42B593D567E1 /* UserNotificationsUI.framework in Frameworks */,
			);
			runOnlyForDeploymentPostprocessing = 0;
		};
/* End PBXFrameworksBuildPhase section */

/* Begin PBXGroup section */
		7A9B7B2E60774B7CAC69AE0A /* Frameworks */ = {
			isa = PBXGroup;
			children = (317F83E78CF449A5AD48F086 /* UserNotificationsUI.framework */, );
			name = Frameworks;
			sourceTree = "<group>";
		};
		5197DA57306FAAF300A7779C = {
			isa = PBXGroup;
			children = (
				5197DA62306FAAF300A7779C /* University-IT-Incident-Response-Platform-iOS */,
				5197DA70306FAAF400A7779C /* University-IT-Incident-Response-Platform-iOSTests */,
				5197DA7A306FAAF400A7779C /* University-IT-Incident-Response-Platform-iOSUITests */,
				40E24AD3E7D64627B4A27982 /* IncidentWidget */,
				7EBAFD13C3554E9284A73395 /* Widget Shared Sources */,
				01EA3EF32E74497199D63B3B /* IncidentNotification */,
				01B18C10E77E45BEA2F8DBEF /* Notification Shared Sources */,
				7A9B7B2E60774B7CAC69AE0A /* Frameworks */,
				5197DA61306FAAF300A7779C /* Products */,
			);
			sourceTree = "<group>";
		};
		5197DA61306FAAF300A7779C /* Products */ = {
			isa = PBXGroup;
			children = (
				5197DA60306FAAF300A7779C /* University-IT-Incident-Response-Platform-iOS.app */,
				5197DA6D306FAAF400A7779C /* University-IT-Incident-Response-Platform-iOSTests.xctest */,
				5197DA77306FAAF400A7779C /* University-IT-Incident-Response-Platform-iOSUITests.xctest */,
				CB701159EC4140688ED8986B /* IncidentNotification.appex */,
				0C8B9A89D5E34A1690535FCB /* IncidentWidget.appex */,
			);
			name = Products;
			sourceTree = "<group>";
		};
		7EBAFD13C3554E9284A73395 /* Widget Shared Sources */ = {
			isa = PBXGroup;
			children = (
				5C73D610F63A4BA99BC7B8F3 /* University-IT-Incident-Response-Platform-iOS/Shared/SharedIncidentSnapshot.swift */,
				C9F30B620DAD46D6B1DE65C4 /* University-IT-Incident-Response-Platform-iOS/Shared/SharedIncidentStore.swift */,
				9D7070A75CE048958659F986 /* University-IT-Incident-Response-Platform-iOS/Models/IncidentStatus.swift */,
				48502D8E31C14AEDAA0899FC /* University-IT-Incident-Response-Platform-iOS/Models/IncidentPriority.swift */,
			);
			name = "Widget Shared Sources";
			sourceTree = "<group>";
		};
		01B18C10E77E45BEA2F8DBEF /* Notification Shared Sources */ = {
			isa = PBXGroup;
			children = (
				94E904E0640047259B9BEC1D /* IncidentReminderContent.swift */,
			);
			name = "Notification Shared Sources";
			sourceTree = "<group>";
		};
/* End PBXGroup section */

/* Begin PBXNativeTarget section */
		06EC099CC2D74EBBA33D0DC8 /* IncidentWidget */ = {
			isa = PBXNativeTarget;
			buildConfigurationList = 8ED447BF72F449F8AC514549 /* Build configuration list for PBXNativeTarget "IncidentWidget" */;
			buildPhases = (
				A0A9D162D7E5468E97E2E583 /* Sources */,
				42D6389C740A483AAB75FBEB /* Frameworks */,
				FD6E24A9D4BD4A71AB3A26A6 /* Resources */,
			);
			buildRules = (
			);
			dependencies = (
			);
			fileSystemSynchronizedGroups = (
				40E24AD3E7D64627B4A27982 /* IncidentWidget */,
			);
			name = IncidentWidget;
			packageProductDependencies = (
			);
			productName = IncidentWidget;
			productReference = 0C8B9A89D5E34A1690535FCB /* IncidentWidget.appex */;
			productType = "com.apple.product-type.app-extension";
		};
		5197DA5F306FAAF300A7779C /* University-IT-Incident-Response-Platform-iOS */ = {
			isa = PBXNativeTarget;
			buildConfigurationList = 5197DA81306FAAF400A7779C /* Build configuration list for PBXNativeTarget "University-IT-Incident-Response-Platform-iOS" */;
			buildPhases = (
				5197DA5C306FAAF300A7779C /* Sources */,
				5197DA5D306FAAF300A7779C /* Frameworks */,
				5197DA5E306FAAF300A7779C /* Resources */,
				F4831077A9A146729B4DC073 /* Embed App Extensions */,
			);
			buildRules = (
			);
			dependencies = (
				60702C2DC05341B9B80462E1 /* PBXTargetDependency */,
				6A2057E804AB4BC49EBF765E /* PBXTargetDependency */,
			);
			fileSystemSynchronizedGroups = (
				5197DA62306FAAF300A7779C /* University-IT-Incident-Response-Platform-iOS */,
			);
			name = "University-IT-Incident-Response-Platform-iOS";
			packageProductDependencies = (
			);
			productName = "University-IT-Incident-Response-Platform-iOS";
			productReference = 5197DA60306FAAF300A7779C /* University-IT-Incident-Response-Platform-iOS.app */;
			productType = "com.apple.product-type.application";
		};
		5197DA6C306FAAF400A7779C /* University-IT-Incident-Response-Platform-iOSTests */ = {
			isa = PBXNativeTarget;
			buildConfigurationList = 5197DA84306FAAF400A7779C /* Build configuration list for PBXNativeTarget "University-IT-Incident-Response-Platform-iOSTests" */;
			buildPhases = (
				5197DA69306FAAF400A7779C /* Sources */,
				5197DA6A306FAAF400A7779C /* Frameworks */,
				5197DA6B306FAAF400A7779C /* Resources */,
			);
			buildRules = (
			);
			dependencies = (
				5197DA6F306FAAF400A7779C /* PBXTargetDependency */,
			);
			fileSystemSynchronizedGroups = (
				5197DA70306FAAF400A7779C /* University-IT-Incident-Response-Platform-iOSTests */,
			);
			name = "University-IT-Incident-Response-Platform-iOSTests";
			packageProductDependencies = (
			);
			productName = "University-IT-Incident-Response-Platform-iOSTests";
			productReference = 5197DA6D306FAAF400A7779C /* University-IT-Incident-Response-Platform-iOSTests.xctest */;
			productType = "com.apple.product-type.bundle.unit-test";
		};
		5197DA76306FAAF400A7779C /* University-IT-Incident-Response-Platform-iOSUITests */ = {
			isa = PBXNativeTarget;
			buildConfigurationList = 5197DA87306FAAF400A7779C /* Build configuration list for PBXNativeTarget "University-IT-Incident-Response-Platform-iOSUITests" */;
			buildPhases = (
				5197DA73306FAAF400A7779C /* Sources */,
				5197DA74306FAAF400A7779C /* Frameworks */,
				5197DA75306FAAF400A7779C /* Resources */,
			);
			buildRules = (
			);
			dependencies = (
				5197DA79306FAAF400A7779C /* PBXTargetDependency */,
			);
			fileSystemSynchronizedGroups = (
				5197DA7A306FAAF400A7779C /* University-IT-Incident-Response-Platform-iOSUITests */,
			);
			name = "University-IT-Incident-Response-Platform-iOSUITests";
			packageProductDependencies = (
			);
			productName = "University-IT-Incident-Response-Platform-iOSUITests";
			productReference = 5197DA77306FAAF400A7779C /* University-IT-Incident-Response-Platform-iOSUITests.xctest */;
			productType = "com.apple.product-type.bundle.ui-testing";
		};
		4C772A9EC809459B835E80A2 /* IncidentNotification */ = {
			isa = PBXNativeTarget;
			buildConfigurationList = 98BC7A8189E549759E928B53 /* Build configuration list for IncidentNotification */;
			buildPhases = (
				477DAD40875C47EF9E843DB4 /* Sources */,
				111DA44E2E304F6FAA687E56 /* Frameworks */,
				D3170AB770B4499AAEDAB06C /* Resources */,
			);
			buildRules = ();
			dependencies = ();
			fileSystemSynchronizedGroups = (01EA3EF32E74497199D63B3B /* IncidentNotification */, );
			name = IncidentNotification;
			packageProductDependencies = ();
			productName = IncidentNotification;
			productReference = CB701159EC4140688ED8986B /* IncidentNotification.appex */;
			productType = "com.apple.product-type.app-extension";
		};
/* End PBXNativeTarget section */

/* Begin PBXProject section */
		5197DA58306FAAF300A7779C /* Project object */ = {
			isa = PBXProject;
			attributes = {
				BuildIndependentTargetsInParallel = 1;
				LastSwiftUpdateCheck = 2620;
				LastUpgradeCheck = 2620;
				TargetAttributes = {
					4C772A9EC809459B835E80A2 = {
						CreatedOnToolsVersion = 26.2;
					};
					06EC099CC2D74EBBA33D0DC8 = {
						CreatedOnToolsVersion = 26.2;
						SystemCapabilities = {
							com.apple.ApplicationGroups.iOS = {
								enabled = 1;
							};
						};
					};
					5197DA5F306FAAF300A7779C = {
						CreatedOnToolsVersion = 26.2;
						SystemCapabilities = {
							com.apple.ApplicationGroups.iOS = {
								enabled = 1;
							};
						};
					};
					5197DA6C306FAAF400A7779C = {
						CreatedOnToolsVersion = 26.2;
						TestTargetID = 5197DA5F306FAAF300A7779C;
					};
					5197DA76306FAAF400A7779C = {
						CreatedOnToolsVersion = 26.2;
						TestTargetID = 5197DA5F306FAAF300A7779C;
					};
				};
			};
			buildConfigurationList = 5197DA5B306FAAF300A7779C /* Build configuration list for PBXProject "University-IT-Incident-Response-Platform-iOS" */;
			developmentRegion = en;
			hasScannedForEncodings = 0;
			knownRegions = (
				en,
				Base,
			);
			mainGroup = 5197DA57306FAAF300A7779C;
			minimizedProjectReferenceProxies = 1;
			preferredProjectObjectVersion = 77;
			productRefGroup = 5197DA61306FAAF300A7779C /* Products */;
			projectDirPath = "";
			projectRoot = "";
			targets = (
				4C772A9EC809459B835E80A2 /* IncidentNotification */,
				06EC099CC2D74EBBA33D0DC8 /* IncidentWidget */,
				5197DA5F306FAAF300A7779C /* University-IT-Incident-Response-Platform-iOS */,
				5197DA6C306FAAF400A7779C /* University-IT-Incident-Response-Platform-iOSTests */,
				5197DA76306FAAF400A7779C /* University-IT-Incident-Response-Platform-iOSUITests */,
			);
		};
/* End PBXProject section */

/* Begin PBXResourcesBuildPhase section */
		5197DA5E306FAAF300A7779C /* Resources */ = {
			isa = PBXResourcesBuildPhase;
			buildActionMask = 2147483647;
			files = (
			);
			runOnlyForDeploymentPostprocessing = 0;
		};
		5197DA6B306FAAF400A7779C /* Resources */ = {
			isa = PBXResourcesBuildPhase;
			buildActionMask = 2147483647;
			files = (
			);
			runOnlyForDeploymentPostprocessing = 0;
		};
		5197DA75306FAAF400A7779C /* Resources */ = {
			isa = PBXResourcesBuildPhase;
			buildActionMask = 2147483647;
			files = (
			);
			runOnlyForDeploymentPostprocessing = 0;
		};
		FD6E24A9D4BD4A71AB3A26A6 /* Resources */ = {
			isa = PBXResourcesBuildPhase;
			buildActionMask = 2147483647;
			files = (
			);
			runOnlyForDeploymentPostprocessing = 0;
		};
		D3170AB770B4499AAEDAB06C /* Resources */ = {
			isa = PBXResourcesBuildPhase;
			buildActionMask = 2147483647;
			files = (
			);
			runOnlyForDeploymentPostprocessing = 0;
		};
/* End PBXResourcesBuildPhase section */

/* Begin PBXSourcesBuildPhase section */
		5197DA5C306FAAF300A7779C /* Sources */ = {
			isa = PBXSourcesBuildPhase;
			buildActionMask = 2147483647;
			files = (
			);
			runOnlyForDeploymentPostprocessing = 0;
		};
		5197DA69306FAAF400A7779C /* Sources */ = {
			isa = PBXSourcesBuildPhase;
			buildActionMask = 2147483647;
			files = (
			);
			runOnlyForDeploymentPostprocessing = 0;
		};
		5197DA73306FAAF400A7779C /* Sources */ = {
			isa = PBXSourcesBuildPhase;
			buildActionMask = 2147483647;
			files = (
			);
			runOnlyForDeploymentPostprocessing = 0;
		};
		A0A9D162D7E5468E97E2E583 /* Sources */ = {
			isa = PBXSourcesBuildPhase;
			buildActionMask = 2147483647;
			files = (
				E3EA4098DFFB449AA2EE3ABC /* University-IT-Incident-Response-Platform-iOS/Shared/SharedIncidentSnapshot.swift in Sources */,
				5CE3B300114241E2AC47B4DA /* University-IT-Incident-Response-Platform-iOS/Shared/SharedIncidentStore.swift in Sources */,
				36B6D6C6EB704FAC964A494A /* University-IT-Incident-Response-Platform-iOS/Models/IncidentStatus.swift in Sources */,
				36FC4D4896604D168C8AFE4B /* University-IT-Incident-Response-Platform-iOS/Models/IncidentPriority.swift in Sources */,
			);
			runOnlyForDeploymentPostprocessing = 0;
		};
		477DAD40875C47EF9E843DB4 /* Sources */ = {
			isa = PBXSourcesBuildPhase;
			buildActionMask = 2147483647;
			files = (
				783BC8BB26DA453983FBA772 /* IncidentReminderContent.swift in Sources */,
			);
			runOnlyForDeploymentPostprocessing = 0;
		};
/* End PBXSourcesBuildPhase section */

/* Begin PBXTargetDependency section */
		5197DA6F306FAAF400A7779C /* PBXTargetDependency */ = {
			isa = PBXTargetDependency;
			target = 5197DA5F306FAAF300A7779C /* University-IT-Incident-Response-Platform-iOS */;
			targetProxy = 5197DA6E306FAAF400A7779C /* PBXContainerItemProxy */;
		};
		5197DA79306FAAF400A7779C /* PBXTargetDependency */ = {
			isa = PBXTargetDependency;
			target = 5197DA5F306FAAF300A7779C /* University-IT-Incident-Response-Platform-iOS */;
			targetProxy = 5197DA78306FAAF400A7779C /* PBXContainerItemProxy */;
		};
		60702C2DC05341B9B80462E1 /* PBXTargetDependency */ = {
			isa = PBXTargetDependency;
			target = 06EC099CC2D74EBBA33D0DC8 /* IncidentWidget */;
			targetProxy = 060A9B3CBF364CE4A69C2FF7 /* PBXContainerItemProxy */;
		};
		6A2057E804AB4BC49EBF765E /* PBXTargetDependency */ = {
			isa = PBXTargetDependency;
			target = 4C772A9EC809459B835E80A2 /* IncidentNotification */;
			targetProxy = 0A1E6F38DDBE4E6D9006F6FB /* PBXContainerItemProxy */;
		};
/* End PBXTargetDependency section */

/* Begin XCBuildConfiguration section */
		43E63B6C2678427997CB7467 /* Release */ = {
			isa = XCBuildConfiguration;
			buildSettings = {
				APPLICATION_EXTENSION_API_ONLY = YES;
				CODE_SIGN_ENTITLEMENTS = IncidentWidget/IncidentWidget.entitlements;
				CODE_SIGN_STYLE = Automatic;
				CURRENT_PROJECT_VERSION = 1;
				GENERATE_INFOPLIST_FILE = YES;
				INFOPLIST_FILE = IncidentWidget/Info.plist;
				INFOPLIST_KEY_CFBundleDisplayName = "Campus IT Incidents";
				LD_RUNPATH_SEARCH_PATHS = (
					"$(inherited)",
					"@executable_path/Frameworks",
					"@executable_path/../../Frameworks",
				);
				MARKETING_VERSION = 1.0;
				PRODUCT_BUNDLE_IDENTIFIER = "com.dev-yosam.University-IT-Incident-Response-Platform-iOS.IncidentWidget";
				PRODUCT_NAME = "$(TARGET_NAME)";
				SKIP_INSTALL = YES;
				SWIFT_APPROACHABLE_CONCURRENCY = YES;
				SWIFT_EMIT_LOC_STRINGS = YES;
				SWIFT_VERSION = 5.0;
				TARGETED_DEVICE_FAMILY = "1,2";
			};
			name = Release;
		};
		5197DA7F306FAAF400A7779C /* Debug */ = {
			isa = XCBuildConfiguration;
			buildSettings = {
				ALWAYS_SEARCH_USER_PATHS = NO;
				ASSETCATALOG_COMPILER_GENERATE_SWIFT_ASSET_SYMBOL_EXTENSIONS = YES;
				CLANG_ANALYZER_NONNULL = YES;
				CLANG_ANALYZER_NUMBER_OBJECT_CONVERSION = YES_AGGRESSIVE;
				CLANG_CXX_LANGUAGE_STANDARD = "gnu++20";
				CLANG_ENABLE_MODULES = YES;
				CLANG_ENABLE_OBJC_ARC = YES;
				CLANG_ENABLE_OBJC_WEAK = YES;
				CLANG_WARN_BLOCK_CAPTURE_AUTORELEASING = YES;
				CLANG_WARN_BOOL_CONVERSION = YES;
				CLANG_WARN_COMMA = YES;
				CLANG_WARN_CONSTANT_CONVERSION = YES;
				CLANG_WARN_DEPRECATED_OBJC_IMPLEMENTATIONS = YES;
				CLANG_WARN_DIRECT_OBJC_ISA_USAGE = YES_ERROR;
				CLANG_WARN_DOCUMENTATION_COMMENTS = YES;
				CLANG_WARN_EMPTY_BODY = YES;
				CLANG_WARN_ENUM_CONVERSION = YES;
				CLANG_WARN_INFINITE_RECURSION = YES;
				CLANG_WARN_INT_CONVERSION = YES;
				CLANG_WARN_NON_LITERAL_NULL_CONVERSION = YES;
				CLANG_WARN_OBJC_IMPLICIT_RETAIN_SELF = YES;
				CLANG_WARN_OBJC_LITERAL_CONVERSION = YES;
				CLANG_WARN_OBJC_ROOT_CLASS = YES_ERROR;
				CLANG_WARN_QUOTED_INCLUDE_IN_FRAMEWORK_HEADER = YES;
				CLANG_WARN_RANGE_LOOP_ANALYSIS = YES;
				CLANG_WARN_STRICT_PROTOTYPES = YES;
				CLANG_WARN_SUSPICIOUS_MOVE = YES;
				CLANG_WARN_UNGUARDED_AVAILABILITY = YES_AGGRESSIVE;
				CLANG_WARN_UNREACHABLE_CODE = YES;
				CLANG_WARN__DUPLICATE_METHOD_MATCH = YES;
				COPY_PHASE_STRIP = NO;
				DEBUG_INFORMATION_FORMAT = dwarf;
				ENABLE_STRICT_OBJC_MSGSEND = YES;
				ENABLE_TESTABILITY = YES;
				ENABLE_USER_SCRIPT_SANDBOXING = YES;
				GCC_C_LANGUAGE_STANDARD = gnu17;
				GCC_DYNAMIC_NO_PIC = NO;
				GCC_NO_COMMON_BLOCKS = YES;
				GCC_OPTIMIZATION_LEVEL = 0;
				GCC_PREPROCESSOR_DEFINITIONS = (
					"DEBUG=1",
					"$(inherited)",
				);
				GCC_WARN_64_TO_32_BIT_CONVERSION = YES;
				GCC_WARN_ABOUT_RETURN_TYPE = YES_ERROR;
				GCC_WARN_UNDECLARED_SELECTOR = YES;
				GCC_WARN_UNINITIALIZED_AUTOS = YES_AGGRESSIVE;
				GCC_WARN_UNUSED_FUNCTION = YES;
				GCC_WARN_UNUSED_VARIABLE = YES;
				IPHONEOS_DEPLOYMENT_TARGET = 26.2;
				LOCALIZATION_PREFERS_STRING_CATALOGS = YES;
				MTL_ENABLE_DEBUG_INFO = INCLUDE_SOURCE;
				MTL_FAST_MATH = YES;
				ONLY_ACTIVE_ARCH = YES;
				SDKROOT = iphoneos;
				SWIFT_ACTIVE_COMPILATION_CONDITIONS = "DEBUG $(inherited)";
				SWIFT_OPTIMIZATION_LEVEL = "-Onone";
			};
			name = Debug;
		};
		5197DA80306FAAF400A7779C /* Release */ = {
			isa = XCBuildConfiguration;
			buildSettings = {
				ALWAYS_SEARCH_USER_PATHS = NO;
				ASSETCATALOG_COMPILER_GENERATE_SWIFT_ASSET_SYMBOL_EXTENSIONS = YES;
				CLANG_ANALYZER_NONNULL = YES;
				CLANG_ANALYZER_NUMBER_OBJECT_CONVERSION = YES_AGGRESSIVE;
				CLANG_CXX_LANGUAGE_STANDARD = "gnu++20";
				CLANG_ENABLE_MODULES = YES;
				CLANG_ENABLE_OBJC_ARC = YES;
				CLANG_ENABLE_OBJC_WEAK = YES;
				CLANG_WARN_BLOCK_CAPTURE_AUTORELEASING = YES;
				CLANG_WARN_BOOL_CONVERSION = YES;
				CLANG_WARN_COMMA = YES;
				CLANG_WARN_CONSTANT_CONVERSION = YES;
				CLANG_WARN_DEPRECATED_OBJC_IMPLEMENTATIONS = YES;
				CLANG_WARN_DIRECT_OBJC_ISA_USAGE = YES_ERROR;
				CLANG_WARN_DOCUMENTATION_COMMENTS = YES;
				CLANG_WARN_EMPTY_BODY = YES;
				CLANG_WARN_ENUM_CONVERSION = YES;
				CLANG_WARN_INFINITE_RECURSION = YES;
				CLANG_WARN_INT_CONVERSION = YES;
				CLANG_WARN_NON_LITERAL_NULL_CONVERSION = YES;
				CLANG_WARN_OBJC_IMPLICIT_RETAIN_SELF = YES;
				CLANG_WARN_OBJC_LITERAL_CONVERSION = YES;
				CLANG_WARN_OBJC_ROOT_CLASS = YES_ERROR;
				CLANG_WARN_QUOTED_INCLUDE_IN_FRAMEWORK_HEADER = YES;
				CLANG_WARN_RANGE_LOOP_ANALYSIS = YES;
				CLANG_WARN_STRICT_PROTOTYPES = YES;
				CLANG_WARN_SUSPICIOUS_MOVE = YES;
				CLANG_WARN_UNGUARDED_AVAILABILITY = YES_AGGRESSIVE;
				CLANG_WARN_UNREACHABLE_CODE = YES;
				CLANG_WARN__DUPLICATE_METHOD_MATCH = YES;
				COPY_PHASE_STRIP = NO;
				DEBUG_INFORMATION_FORMAT = "dwarf-with-dsym";
				ENABLE_NS_ASSERTIONS = NO;
				ENABLE_STRICT_OBJC_MSGSEND = YES;
				ENABLE_USER_SCRIPT_SANDBOXING = YES;
				GCC_C_LANGUAGE_STANDARD = gnu17;
				GCC_NO_COMMON_BLOCKS = YES;
				GCC_WARN_64_TO_32_BIT_CONVERSION = YES;
				GCC_WARN_ABOUT_RETURN_TYPE = YES_ERROR;
				GCC_WARN_UNDECLARED_SELECTOR = YES;
				GCC_WARN_UNINITIALIZED_AUTOS = YES_AGGRESSIVE;
				GCC_WARN_UNUSED_FUNCTION = YES;
				GCC_WARN_UNUSED_VARIABLE = YES;
				IPHONEOS_DEPLOYMENT_TARGET = 26.2;
				LOCALIZATION_PREFERS_STRING_CATALOGS = YES;
				MTL_ENABLE_DEBUG_INFO = NO;
				MTL_FAST_MATH = YES;
				SDKROOT = iphoneos;
				SWIFT_COMPILATION_MODE = wholemodule;
				VALIDATE_PRODUCT = YES;
			};
			name = Release;
		};
		5197DA82306FAAF400A7779C /* Debug */ = {
			isa = XCBuildConfiguration;
			buildSettings = {
				ASSETCATALOG_COMPILER_APPICON_NAME = AppIcon;
				ASSETCATALOG_COMPILER_GLOBAL_ACCENT_COLOR_NAME = AccentColor;
				CODE_SIGN_ENTITLEMENTS = "University-IT-Incident-Response-Platform-iOS/University-IT-Incident-Response-Platform-iOS.entitlements";
				CODE_SIGN_STYLE = Automatic;
				CURRENT_PROJECT_VERSION = 1;
				ENABLE_PREVIEWS = YES;
				GENERATE_INFOPLIST_FILE = YES;
				INFOPLIST_KEY_UIApplicationSceneManifest_Generation = YES;
				INFOPLIST_KEY_UIApplicationSupportsIndirectInputEvents = YES;
				INFOPLIST_KEY_UILaunchScreen_Generation = YES;
				INFOPLIST_KEY_UISupportedInterfaceOrientations_iPad = "UIInterfaceOrientationPortrait UIInterfaceOrientationPortraitUpsideDown UIInterfaceOrientationLandscapeLeft UIInterfaceOrientationLandscapeRight";
				INFOPLIST_KEY_UISupportedInterfaceOrientations_iPhone = "UIInterfaceOrientationPortrait UIInterfaceOrientationLandscapeLeft UIInterfaceOrientationLandscapeRight";
				LD_RUNPATH_SEARCH_PATHS = (
					"$(inherited)",
					"@executable_path/Frameworks",
				);
				MARKETING_VERSION = 1.0;
				PRODUCT_BUNDLE_IDENTIFIER = "com.dev-yosam.University-IT-Incident-Response-Platform-iOS";
				PRODUCT_NAME = "$(TARGET_NAME)";
				STRING_CATALOG_GENERATE_SYMBOLS = YES;
				SWIFT_APPROACHABLE_CONCURRENCY = YES;
				SWIFT_DEFAULT_ACTOR_ISOLATION = MainActor;
				SWIFT_EMIT_LOC_STRINGS = YES;
				SWIFT_UPCOMING_FEATURE_MEMBER_IMPORT_VISIBILITY = YES;
				SWIFT_VERSION = 5.0;
				TARGETED_DEVICE_FAMILY = "1,2";
			};
			name = Debug;
		};
		5197DA83306FAAF400A7779C /* Release */ = {
			isa = XCBuildConfiguration;
			buildSettings = {
				ASSETCATALOG_COMPILER_APPICON_NAME = AppIcon;
				ASSETCATALOG_COMPILER_GLOBAL_ACCENT_COLOR_NAME = AccentColor;
				CODE_SIGN_ENTITLEMENTS = "University-IT-Incident-Response-Platform-iOS/University-IT-Incident-Response-Platform-iOS.entitlements";
				CODE_SIGN_STYLE = Automatic;
				CURRENT_PROJECT_VERSION = 1;
				ENABLE_PREVIEWS = YES;
				GENERATE_INFOPLIST_FILE = YES;
				INFOPLIST_KEY_UIApplicationSceneManifest_Generation = YES;
				INFOPLIST_KEY_UIApplicationSupportsIndirectInputEvents = YES;
				INFOPLIST_KEY_UILaunchScreen_Generation = YES;
				INFOPLIST_KEY_UISupportedInterfaceOrientations_iPad = "UIInterfaceOrientationPortrait UIInterfaceOrientationPortraitUpsideDown UIInterfaceOrientationLandscapeLeft UIInterfaceOrientationLandscapeRight";
				INFOPLIST_KEY_UISupportedInterfaceOrientations_iPhone = "UIInterfaceOrientationPortrait UIInterfaceOrientationLandscapeLeft UIInterfaceOrientationLandscapeRight";
				LD_RUNPATH_SEARCH_PATHS = (
					"$(inherited)",
					"@executable_path/Frameworks",
				);
				MARKETING_VERSION = 1.0;
				PRODUCT_BUNDLE_IDENTIFIER = "com.dev-yosam.University-IT-Incident-Response-Platform-iOS";
				PRODUCT_NAME = "$(TARGET_NAME)";
				STRING_CATALOG_GENERATE_SYMBOLS = YES;
				SWIFT_APPROACHABLE_CONCURRENCY = YES;
				SWIFT_DEFAULT_ACTOR_ISOLATION = MainActor;
				SWIFT_EMIT_LOC_STRINGS = YES;
				SWIFT_UPCOMING_FEATURE_MEMBER_IMPORT_VISIBILITY = YES;
				SWIFT_VERSION = 5.0;
				TARGETED_DEVICE_FAMILY = "1,2";
			};
			name = Release;
		};
		5197DA85306FAAF400A7779C /* Debug */ = {
			isa = XCBuildConfiguration;
			buildSettings = {
				BUNDLE_LOADER = "$(TEST_HOST)";
				CODE_SIGN_STYLE = Automatic;
				CURRENT_PROJECT_VERSION = 1;
				GENERATE_INFOPLIST_FILE = YES;
				IPHONEOS_DEPLOYMENT_TARGET = 26.2;
				MARKETING_VERSION = 1.0;
				PRODUCT_BUNDLE_IDENTIFIER = "com.dev-yosam.University-IT-Incident-Response-Platform-iOSTests";
				PRODUCT_NAME = "$(TARGET_NAME)";
				STRING_CATALOG_GENERATE_SYMBOLS = NO;
				SWIFT_APPROACHABLE_CONCURRENCY = YES;
				SWIFT_EMIT_LOC_STRINGS = NO;
				SWIFT_UPCOMING_FEATURE_MEMBER_IMPORT_VISIBILITY = YES;
				SWIFT_VERSION = 5.0;
				TARGETED_DEVICE_FAMILY = "1,2";
				TEST_HOST = "$(BUILT_PRODUCTS_DIR)/University-IT-Incident-Response-Platform-iOS.app/$(BUNDLE_EXECUTABLE_FOLDER_PATH)/University-IT-Incident-Response-Platform-iOS";
			};
			name = Debug;
		};
		5197DA86306FAAF400A7779C /* Release */ = {
			isa = XCBuildConfiguration;
			buildSettings = {
				BUNDLE_LOADER = "$(TEST_HOST)";
				CODE_SIGN_STYLE = Automatic;
				CURRENT_PROJECT_VERSION = 1;
				GENERATE_INFOPLIST_FILE = YES;
				IPHONEOS_DEPLOYMENT_TARGET = 26.2;
				MARKETING_VERSION = 1.0;
				PRODUCT_BUNDLE_IDENTIFIER = "com.dev-yosam.University-IT-Incident-Response-Platform-iOSTests";
				PRODUCT_NAME = "$(TARGET_NAME)";
				STRING_CATALOG_GENERATE_SYMBOLS = NO;
				SWIFT_APPROACHABLE_CONCURRENCY = YES;
				SWIFT_EMIT_LOC_STRINGS = NO;
				SWIFT_UPCOMING_FEATURE_MEMBER_IMPORT_VISIBILITY = YES;
				SWIFT_VERSION = 5.0;
				TARGETED_DEVICE_FAMILY = "1,2";
				TEST_HOST = "$(BUILT_PRODUCTS_DIR)/University-IT-Incident-Response-Platform-iOS.app/$(BUNDLE_EXECUTABLE_FOLDER_PATH)/University-IT-Incident-Response-Platform-iOS";
			};
			name = Release;
		};
		5197DA88306FAAF400A7779C /* Debug */ = {
			isa = XCBuildConfiguration;
			buildSettings = {
				CODE_SIGN_STYLE = Automatic;
				CURRENT_PROJECT_VERSION = 1;
				GENERATE_INFOPLIST_FILE = YES;
				MARKETING_VERSION = 1.0;
				PRODUCT_BUNDLE_IDENTIFIER = "com.dev-yosam.University-IT-Incident-Response-Platform-iOSUITests";
				PRODUCT_NAME = "$(TARGET_NAME)";
				STRING_CATALOG_GENERATE_SYMBOLS = NO;
				SWIFT_APPROACHABLE_CONCURRENCY = YES;
				SWIFT_EMIT_LOC_STRINGS = NO;
				SWIFT_UPCOMING_FEATURE_MEMBER_IMPORT_VISIBILITY = YES;
				SWIFT_VERSION = 5.0;
				TARGETED_DEVICE_FAMILY = "1,2";
				TEST_TARGET_NAME = "University-IT-Incident-Response-Platform-iOS";
			};
			name = Debug;
		};
		5197DA89306FAAF400A7779C /* Release */ = {
			isa = XCBuildConfiguration;
			buildSettings = {
				CODE_SIGN_STYLE = Automatic;
				CURRENT_PROJECT_VERSION = 1;
				GENERATE_INFOPLIST_FILE = YES;
				MARKETING_VERSION = 1.0;
				PRODUCT_BUNDLE_IDENTIFIER = "com.dev-yosam.University-IT-Incident-Response-Platform-iOSUITests";
				PRODUCT_NAME = "$(TARGET_NAME)";
				STRING_CATALOG_GENERATE_SYMBOLS = NO;
				SWIFT_APPROACHABLE_CONCURRENCY = YES;
				SWIFT_EMIT_LOC_STRINGS = NO;
				SWIFT_UPCOMING_FEATURE_MEMBER_IMPORT_VISIBILITY = YES;
				SWIFT_VERSION = 5.0;
				TARGETED_DEVICE_FAMILY = "1,2";
				TEST_TARGET_NAME = "University-IT-Incident-Response-Platform-iOS";
			};
			name = Release;
		};
		AA5C20E72C52402FB2BCDBAF /* Debug */ = {
			isa = XCBuildConfiguration;
			buildSettings = {
				APPLICATION_EXTENSION_API_ONLY = YES;
				CODE_SIGN_ENTITLEMENTS = IncidentWidget/IncidentWidget.entitlements;
				CODE_SIGN_STYLE = Automatic;
				CURRENT_PROJECT_VERSION = 1;
				GENERATE_INFOPLIST_FILE = YES;
				INFOPLIST_FILE = IncidentWidget/Info.plist;
				INFOPLIST_KEY_CFBundleDisplayName = "Campus IT Incidents";
				LD_RUNPATH_SEARCH_PATHS = (
					"$(inherited)",
					"@executable_path/Frameworks",
					"@executable_path/../../Frameworks",
				);
				MARKETING_VERSION = 1.0;
				PRODUCT_BUNDLE_IDENTIFIER = "com.dev-yosam.University-IT-Incident-Response-Platform-iOS.IncidentWidget";
				PRODUCT_NAME = "$(TARGET_NAME)";
				SKIP_INSTALL = YES;
				SWIFT_APPROACHABLE_CONCURRENCY = YES;
				SWIFT_EMIT_LOC_STRINGS = YES;
				SWIFT_VERSION = 5.0;
				TARGETED_DEVICE_FAMILY = "1,2";
			};
			name = Debug;
		};
		586933D0859D4D4281DC182B /* Debug */ = {
			isa = XCBuildConfiguration;
			buildSettings = {
				APPLICATION_EXTENSION_API_ONLY = YES;
				CODE_SIGN_STYLE = Automatic;
				CURRENT_PROJECT_VERSION = 1;
				GENERATE_INFOPLIST_FILE = YES;
				INFOPLIST_FILE = IncidentNotification/Info.plist;
				INFOPLIST_KEY_CFBundleDisplayName = "Incident Follow-up";
				LD_RUNPATH_SEARCH_PATHS = ("$(inherited)", "@executable_path/Frameworks", "@executable_path/../../Frameworks", );
				MARKETING_VERSION = 1.0;
				PRODUCT_BUNDLE_IDENTIFIER = "com.dev-yosam.University-IT-Incident-Response-Platform-iOS.IncidentNotification";
				PRODUCT_NAME = "$(TARGET_NAME)";
				SKIP_INSTALL = YES;
				SWIFT_APPROACHABLE_CONCURRENCY = YES;
				SWIFT_EMIT_LOC_STRINGS = YES;
				SWIFT_VERSION = 5.0;
				TARGETED_DEVICE_FAMILY = "1,2";
			};
			name = Debug;
		};
		59CF2DFF66FE407E9479A471 /* Release */ = {
			isa = XCBuildConfiguration;
			buildSettings = {
				APPLICATION_EXTENSION_API_ONLY = YES;
				CODE_SIGN_STYLE = Automatic;
				CURRENT_PROJECT_VERSION = 1;
				GENERATE_INFOPLIST_FILE = YES;
				INFOPLIST_FILE = IncidentNotification/Info.plist;
				INFOPLIST_KEY_CFBundleDisplayName = "Incident Follow-up";
				LD_RUNPATH_SEARCH_PATHS = ("$(inherited)", "@executable_path/Frameworks", "@executable_path/../../Frameworks", );
				MARKETING_VERSION = 1.0;
				PRODUCT_BUNDLE_IDENTIFIER = "com.dev-yosam.University-IT-Incident-Response-Platform-iOS.IncidentNotification";
				PRODUCT_NAME = "$(TARGET_NAME)";
				SKIP_INSTALL = YES;
				SWIFT_APPROACHABLE_CONCURRENCY = YES;
				SWIFT_EMIT_LOC_STRINGS = YES;
				SWIFT_VERSION = 5.0;
				TARGETED_DEVICE_FAMILY = "1,2";
			};
			name = Release;
		};
/* End XCBuildConfiguration section */

/* Begin XCConfigurationList section */
		5197DA5B306FAAF300A7779C /* Build configuration list for PBXProject "University-IT-Incident-Response-Platform-iOS" */ = {
			isa = XCConfigurationList;
			buildConfigurations = (
				5197DA7F306FAAF400A7779C /* Debug */,
				5197DA80306FAAF400A7779C /* Release */,
			);
			defaultConfigurationIsVisible = 0;
			defaultConfigurationName = Release;
		};
		5197DA81306FAAF400A7779C /* Build configuration list for PBXNativeTarget "University-IT-Incident-Response-Platform-iOS" */ = {
			isa = XCConfigurationList;
			buildConfigurations = (
				5197DA82306FAAF400A7779C /* Debug */,
				5197DA83306FAAF400A7779C /* Release */,
			);
			defaultConfigurationIsVisible = 0;
			defaultConfigurationName = Release;
		};
		5197DA84306FAAF400A7779C /* Build configuration list for PBXNativeTarget "University-IT-Incident-Response-Platform-iOSTests" */ = {
			isa = XCConfigurationList;
			buildConfigurations = (
				5197DA85306FAAF400A7779C /* Debug */,
				5197DA86306FAAF400A7779C /* Release */,
			);
			defaultConfigurationIsVisible = 0;
			defaultConfigurationName = Release;
		};
		5197DA87306FAAF400A7779C /* Build configuration list for PBXNativeTarget "University-IT-Incident-Response-Platform-iOSUITests" */ = {
			isa = XCConfigurationList;
			buildConfigurations = (
				5197DA88306FAAF400A7779C /* Debug */,
				5197DA89306FAAF400A7779C /* Release */,
			);
			defaultConfigurationIsVisible = 0;
			defaultConfigurationName = Release;
		};
		8ED447BF72F449F8AC514549 /* Build configuration list for PBXNativeTarget "IncidentWidget" */ = {
			isa = XCConfigurationList;
			buildConfigurations = (
				AA5C20E72C52402FB2BCDBAF /* Debug */,
				43E63B6C2678427997CB7467 /* Release */,
			);
			defaultConfigurationIsVisible = 0;
			defaultConfigurationName = Release;
		};
		98BC7A8189E549759E928B53 /* Build configuration list for IncidentNotification */ = {
			isa = XCConfigurationList;
			buildConfigurations = (586933D0859D4D4281DC182B /* Debug */, 59CF2DFF66FE407E9479A471 /* Release */, );
			defaultConfigurationIsVisible = 0;
			defaultConfigurationName = Release;
		};
/* End XCConfigurationList section */
	};
	rootObject = 5197DA58306FAAF300A7779C /* Project object */;
}
